
Microsoft Visual Studio Solution File, Format Version 11.00
# Visual Studio 2010
Project("{FAE04EC0-301F-11D3-BF4B-00C04F79EFBC}") = "OutlookAddInMama", "OutlookAddInMama\OutlookAddInMama.csproj", "{E89B1D14-D3E8-4995-ACB1-F97089C9AF68}"
EndProject
Project("{2150E333-8FDC-42A3-9474-1A3956D46DE8}") = "Solution Items", "Solution Items", "{3BABB87D-EC34-43AB-B6C3-95A745DB6E4C}"
	ProjectSection(SolutionItems) = preProject
		Local.testsettings = Local.testsettings
		OutlookAddInMama.vsmdi = OutlookAddInMama.vsmdi
		TraceAndTestImpact.testsettings = TraceAndTestImpact.testsettings
	EndProjectSection
EndProject
Project("{FAE04EC0-301F-11D3-BF4B-00C04F79EFBC}") = "UnitTests", "y:\app\OutlookAddInMama\UnitTests\UnitTests.csproj", "{17F1F8A8-3C99-457F-81BD-93F4609D4311}"
EndProject
Global
	GlobalSection(TestCaseManagementSettings) = postSolution
		CategoryFile = OutlookAddInMama.vsmdi
	EndGlobalSection
	GlobalSection(SolutionConfigurationPlatforms) = preSolution
		Debug|Any CPU = Debug|Any CPU
		Release|Any CPU = Release|Any CPU
	EndGlobalSection
	GlobalSection(ProjectConfigurationPlatforms) = postSolution
		{E89B1D14-D3E8-4995-ACB1-F97089C9AF68}.Debug|Any CPU.ActiveCfg = Debug|Any CPU
		{E89B1D14-D3E8-4995-ACB1-F97089C9AF68}.Debug|Any CPU.Build.0 = Debug|Any CPU
		{E89B1D14-D3E8-4995-ACB1-F97089C9AF68}.Release|Any CPU.ActiveCfg = Release|Any CPU
		{E89B1D14-D3E8-4995-ACB1-F97089C9AF68}.Release|Any CPU.Build.0 = Release|Any CPU
		{17F1F8A8-3C99-457F-81BD-93F4609D4311}.Debug|Any CPU.ActiveCfg = Debug|Any CPU
		{17F1F8A8-3C99-457F-81BD-93F4609D4311}.Debug|Any CPU.Build.0 = Debug|Any CPU
		{17F1F8A8-3C99-457F-81BD-93F4609D4311}.Release|Any CPU.ActiveCfg = Release|Any CPU
		{17F1F8A8-3C99-457F-81BD-93F4609D4311}.Release|Any CPU.Build.0 = Release|Any CPU
	EndGlobalSection
	GlobalSection(SolutionProperties) = preSolution
		HideSolutionNode = FALSE
	EndGlobalSection
EndGlobal
